{
  "name": "@mi/logo-animate",
  "version": "1.0.0",
  "lockfileVersion": 1,
  "dependencies": {
    "@mi/eslint-config-mcfe-react-app": {
      "version": "1.0.4-14",
      "resolved": "http://registry.npm.pt.mi.com/@mi/eslint-config-mcfe-react-app/download/@mi/eslint-config-mcfe-react-app-1.0.4-14.tgz",
      "integrity": "sha1-1dAYPegm4oDt0pQVT4K00x+2j+s=",
      "dev": true
    },
    "eslint-config-airbnb": {
      "version": "15.0.1",
      "resolved": "http://registry.npm.pt.mi.com/eslint-config-airbnb/download/eslint-config-airbnb-15.0.1.tgz",
      "integrity": "sha1-e1GI5bfHS5ss5jn9Xh2rqP12Gu0=",
      "dev": true
    },
    "eslint-config-airbnb-base": {
      "version": "11.2.0",
      "resolved": "http://registry.npm.pt.mi.com/eslint-config-airbnb-base/download/eslint-config-airbnb-base-11.2.0.tgz",
      "integrity": "sha1-GancRIGib3CQRUXsBAEWh2AY+FM=",
      "dev": true
    }
  }
}
